schema: '2.0'
stages:
  data_ingestion:
    cmd: python src/data/data_ingestion.py
    deps:
    - path: params.yaml
      hash: md5
      md5: 5c06242dd9d613d8b517d07ced2a3a4b
      size: 161
    - path: src/data/data_ingestion.py
      hash: md5
      md5: 73bbee974ba479974081edb5e14ed8fd
      size: 3682
    outs:
    - path: data/raw
      hash: md5
      md5: e13bcce40396cd334c8a7a334868166a.dir
      size: 6919701
      nfiles: 2
  data_preprocessing:
    cmd: python src/data/data_preprocessing.py
    deps:
    - path: data/raw/test.csv
      hash: md5
      md5: ea97ba82a4a25627bf4ffb52572484ea
      size: 1348612
    - path: data/raw/train.csv
      hash: md5
      md5: 1bd422dd6d135bced1d6c64a3e84a45d
      size: 5571089
    - path: src/data/data_preprocessing.py
      hash: md5
      md5: 8d16a86b2dbb4c28322d8e179615555a
      size: 3265
    params:
      params.yaml:
        data_ingestion.test_size: 0.2
    outs:
    - path: data/interim
      hash: md5
      md5: ba42408e7bd1e85685474d6a349ae57e.dir
      size: 5134850
      nfiles: 2
  model_building:
    cmd: python src/model/model_building.py
    deps:
    - path: data/interim/train_processed.csv
      hash: md5
      md5: 35027dfda8274bd9356544f2ff358aa4
      size: 4134324
    - path: src/model/model_building.py
      hash: md5
      md5: 145645dad4493a619e06d1627edb3e91
      size: 5126
    params:
      params.yaml:
        model_building.learning_rate: 0.09
        model_building.max_depth: 20
        model_building.max_features: 1000
        model_building.n_estimators: 367
        model_building.ngram_range:
        - 1
        - 3
    outs:
    - path: lgbm_model.pkl
      hash: md5
      md5: 430b5f00618a8905b688d91542a42392
      size: 3904331
    - path: tfidf_vectorizer.pkl
      hash: md5
      md5: 5ab036a108ccfd60d07038733d62ba23
      size: 36874
  model_evaluation:
    cmd: python src/model/model_evaluation.py
    deps:
    - path: data/interim/test_processed.csv
      hash: md5
      md5: 4f30375397ec89fead1745ee6d70f201
      size: 1000526
    - path: data/interim/train_processed.csv
      hash: md5
      md5: 35027dfda8274bd9356544f2ff358aa4
      size: 4134324
    - path: lgbm_model.pkl
      hash: md5
      md5: 430b5f00618a8905b688d91542a42392
      size: 3904331
    - path: src/model/model_evaluation.py
      hash: md5
      md5: 0b4a6e58ade4c17779346107f3159d54
      size: 6253
    - path: tfidf_vectorizer.pkl
      hash: md5
      md5: 5ab036a108ccfd60d07038733d62ba23
      size: 36874
    outs:
    - path: experiment_info.json
      hash: md5
      md5: 65e8f13aa875d9a938d6d34f343402f1
      size: 87
  model_registration:
    cmd: python src/model/model_registration.py
    deps:
    - path: experiment_info.json
      hash: md5
      md5: 65e8f13aa875d9a938d6d34f343402f1
      size: 87
    - path: src/model/model_registration.py
      hash: md5
      md5: 55631d2e38028aceb3e0d1c19420fe00
      size: 2216
